
Microsoft Visual Studio Solution File, Format Version 12.00
Project("{FAE04EC0-301F-11D3-BF4B-00C04F79EFBC}") = "AOC.One", "AOC.One\AOC.One.csproj", "{957C90C0-0AAC-4BB6-8297-285C7F98F0A1}"
EndProject
Project("{2150E333-8FDC-42A3-9474-1A3956D46DE8}") = "Build Settings", "Build Settings", "{4E43F466-8A2D-41E3-9DBD-4123509AECC1}"
	ProjectSection(SolutionItems) = preProject
		.editorconfig = .editorconfig
		.gitignore = .gitignore
		Directory.Build.props = Directory.Build.props
		Directory.Packages.props = Directory.Packages.props
		README.md = README.md
	EndProjectSection
EndProject
Project("{FAE04EC0-301F-11D3-BF4B-00C04F79EFBC}") = "AOC.Two", "AOC.Two\AOC.Two.csproj", "{E2C4FE25-4999-400D-8C48-1CC3DF5BCC3A}"
EndProject
Project("{FAE04EC0-301F-11D3-BF4B-00C04F79EFBC}") = "AOC.Three", "AOC.Three\AOC.Three.csproj", "{52E8A1F8-A5B8-499C-BDA6-E26E84B67B71}"
EndProject
Project("{FAE04EC0-301F-11D3-BF4B-00C04F79EFBC}") = "AOC.Four", "AOC.Four\AOC.Four.csproj", "{B456FBF3-76DD-4421-A330-088DFDD08143}"
EndProject
Project("{FAE04EC0-301F-11D3-BF4B-00C04F79EFBC}") = "AOC.Five", "AOC.Five\AOC.Five.csproj", "{CB2F9AE2-39B5-489B-ACAF-76E40FF6FFE9}"
EndProject
Project("{FAE04EC0-301F-11D3-BF4B-00C04F79EFBC}") = "AOC.Six", "AOC.Six\AOC.Six.csproj", "{0FD92125-4246-4CBF-84B2-DB2C29FE77EB}"
EndProject
Project("{FAE04EC0-301F-11D3-BF4B-00C04F79EFBC}") = "AOC.Common", "AOC.Common\AOC.Common.csproj", "{D85FA614-6E95-4C18-90B7-074C82BC0EEA}"
EndProject
Global
	GlobalSection(SolutionConfigurationPlatforms) = preSolution
		Debug|Any CPU = Debug|Any CPU
		Release|Any CPU = Release|Any CPU
	EndGlobalSection
	GlobalSection(ProjectConfigurationPlatforms) = postSolution
		{957C90C0-0AAC-4BB6-8297-285C7F98F0A1}.Debug|Any CPU.ActiveCfg = Debug|Any CPU
		{957C90C0-0AAC-4BB6-8297-285C7F98F0A1}.Debug|Any CPU.Build.0 = Debug|Any CPU
		{957C90C0-0AAC-4BB6-8297-285C7F98F0A1}.Release|Any CPU.ActiveCfg = Release|Any CPU
		{957C90C0-0AAC-4BB6-8297-285C7F98F0A1}.Release|Any CPU.Build.0 = Release|Any CPU
		{E2C4FE25-4999-400D-8C48-1CC3DF5BCC3A}.Debug|Any CPU.ActiveCfg = Debug|Any CPU
		{E2C4FE25-4999-400D-8C48-1CC3DF5BCC3A}.Debug|Any CPU.Build.0 = Debug|Any CPU
		{E2C4FE25-4999-400D-8C48-1CC3DF5BCC3A}.Release|Any CPU.ActiveCfg = Release|Any CPU
		{E2C4FE25-4999-400D-8C48-1CC3DF5BCC3A}.Release|Any CPU.Build.0 = Release|Any CPU
		{52E8A1F8-A5B8-499C-BDA6-E26E84B67B71}.Debug|Any CPU.ActiveCfg = Debug|Any CPU
		{52E8A1F8-A5B8-499C-BDA6-E26E84B67B71}.Debug|Any CPU.Build.0 = Debug|Any CPU
		{52E8A1F8-A5B8-499C-BDA6-E26E84B67B71}.Release|Any CPU.ActiveCfg = Release|Any CPU
		{52E8A1F8-A5B8-499C-BDA6-E26E84B67B71}.Release|Any CPU.Build.0 = Release|Any CPU
		{B456FBF3-76DD-4421-A330-088DFDD08143}.Debug|Any CPU.ActiveCfg = Debug|Any CPU
		{B456FBF3-76DD-4421-A330-088DFDD08143}.Debug|Any CPU.Build.0 = Debug|Any CPU
		{B456FBF3-76DD-4421-A330-088DFDD08143}.Release|Any CPU.ActiveCfg = Release|Any CPU
		{B456FBF3-76DD-4421-A330-088DFDD08143}.Release|Any CPU.Build.0 = Release|Any CPU
		{CB2F9AE2-39B5-489B-ACAF-76E40FF6FFE9}.Debug|Any CPU.ActiveCfg = Debug|Any CPU
		{CB2F9AE2-39B5-489B-ACAF-76E40FF6FFE9}.Debug|Any CPU.Build.0 = Debug|Any CPU
		{CB2F9AE2-39B5-489B-ACAF-76E40FF6FFE9}.Release|Any CPU.ActiveCfg = Release|Any CPU
		{CB2F9AE2-39B5-489B-ACAF-76E40FF6FFE9}.Release|Any CPU.Build.0 = Release|Any CPU
		{0FD92125-4246-4CBF-84B2-DB2C29FE77EB}.Debug|Any CPU.ActiveCfg = Debug|Any CPU
		{0FD92125-4246-4CBF-84B2-DB2C29FE77EB}.Debug|Any CPU.Build.0 = Debug|Any CPU
		{0FD92125-4246-4CBF-84B2-DB2C29FE77EB}.Release|Any CPU.ActiveCfg = Release|Any CPU
		{0FD92125-4246-4CBF-84B2-DB2C29FE77EB}.Release|Any CPU.Build.0 = Release|Any CPU
		{D85FA614-6E95-4C18-90B7-074C82BC0EEA}.Debug|Any CPU.ActiveCfg = Debug|Any CPU
		{D85FA614-6E95-4C18-90B7-074C82BC0EEA}.Debug|Any CPU.Build.0 = Debug|Any CPU
		{D85FA614-6E95-4C18-90B7-074C82BC0EEA}.Release|Any CPU.ActiveCfg = Release|Any CPU
		{D85FA614-6E95-4C18-90B7-074C82BC0EEA}.Release|Any CPU.Build.0 = Release|Any CPU
	EndGlobalSection
EndGlobal
